// !$*UTF8*$!
{
	archiveVersion = 1;
	classes = {
	};
	objectVersion = 48;
	objects = {

/* Begin PBXBuildFile section */
		0E3B202F2076C2E100F29D71 /* AppDelegate.swift in Sources */ = {isa = PBXBuildFile; fileRef = 0E3B202E2076C2E100F29D71 /* AppDelegate.swift */; };
		0E3B20352076C2E100F29D71 /* GameScene.swift in Sources */ = {isa = PBXBuildFile; fileRef = 0E3B20342076C2E100F29D71 /* GameScene.swift */; };
		0E3B20372076C2E100F29D71 /* GameViewController.swift in Sources */ = {isa = PBXBuildFile; fileRef = 0E3B20362076C2E100F29D71 /* GameViewController.swift */; };
		0E3B203A2076C2E100F29D71 /* Main.storyboard in Resources */ = {isa = PBXBuildFile; fileRef = 0E3B20382076C2E100F29D71 /* Main.storyboard */; };
		0E3B203C2076C2E100F29D71 /* Assets.xcassets in Resources */ = {isa = PBXBuildFile; fileRef = 0E3B203B2076C2E100F29D71 /* Assets.xcassets */; };
		0E3B203F2076C2E100F29D71 /* LaunchScreen.storyboard in Resources */ = {isa = PBXBuildFile; fileRef = 0E3B203D2076C2E100F29D71 /* LaunchScreen.storyboard */; };
		0E690F50207FE85600855852 /* circle.png in Resources */ = {isa = PBXBuildFile; fileRef = 0E690F48207FE85500855852 /* circle.png */; };
		0E690F51207FE85600855852 /* star.png in Resources */ = {isa = PBXBuildFile; fileRef = 0E690F49207FE85500855852 /* star.png */; };
		0E690F52207FE85600855852 /* triangle.png in Resources */ = {isa = PBXBuildFile; fileRef = 0E690F4A207FE85600855852 /* triangle.png */; };
		0E690F53207FE85600855852 /* squareF.png in Resources */ = {isa = PBXBuildFile; fileRef = 0E690F4B207FE85600855852 /* squareF.png */; };
		0E690F54207FE85600855852 /* triangleF.png in Resources */ = {isa = PBXBuildFile; fileRef = 0E690F4C207FE85600855852 /* triangleF.png */; };
		0E690F55207FE85600855852 /* square.png in Resources */ = {isa = PBXBuildFile; fileRef = 0E690F4D207FE85600855852 /* square.png */; };
		0E690F56207FE85600855852 /* starF.png in Resources */ = {isa = PBXBuildFile; fileRef = 0E690F4E207FE85600855852 /* starF.png */; };
		0E690F57207FE85600855852 /* circleF.png in Resources */ = {isa = PBXBuildFile; fileRef = 0E690F4F207FE85600855852 /* circleF.png */; };
		0E690F59207FEA5F00855852 /* Triangle.swift in Sources */ = {isa = PBXBuildFile; fileRef = 0E690F58207FEA5F00855852 /* Triangle.swift */; };
		0E690F5B207FEAA200855852 /* BasicGameObject.swift in Sources */ = {isa = PBXBuildFile; fileRef = 0E690F5A207FEAA200855852 /* BasicGameObject.swift */; };
		0E690F6F207FF1BE00855852 /* GoogleService-Info.plist in Resources */ = {isa = PBXBuildFile; fileRef = 0E690F6E207FF1BE00855852 /* GoogleService-Info.plist */; };
		0E690F72207FF2AC00855852 /* StoreKit.framework in Frameworks */ = {isa = PBXBuildFile; fileRef = 0E690F71207FF2AC00855852 /* StoreKit.framework */; };
		0E690F74207FF2D200855852 /* libsqlite3.tbd in Frameworks */ = {isa = PBXBuildFile; fileRef = 0E690F73207FF2D200855852 /* libsqlite3.tbd */; };
		0E690F76207FF30700855852 /* libicucore.tbd in Frameworks */ = {isa = PBXBuildFile; fileRef = 0E690F75207FF30700855852 /* libicucore.tbd */; };
		0E690F79207FF6B700855852 /* Database.swift in Sources */ = {isa = PBXBuildFile; fileRef = 0E690F78207FF6B700855852 /* Database.swift */; };
		0E690F83207FFB6900855852 /* FirebaseCoreDiagnostics.framework in Frameworks */ = {isa = PBXBuildFile; fileRef = 0E690F7A207FFB6800855852 /* FirebaseCoreDiagnostics.framework */; };
		0E690F84207FFB6900855852 /* FirebaseInstanceID.framework in Frameworks */ = {isa = PBXBuildFile; fileRef = 0E690F7B207FFB6900855852 /* FirebaseInstanceID.framework */; };
		0E690F85207FFB6900855852 /* FirebaseNanoPB.framework in Frameworks */ = {isa = PBXBuildFile; fileRef = 0E690F7C207FFB6900855852 /* FirebaseNanoPB.framework */; };
		0E690F86207FFB6900855852 /* FirebaseAnalytics.framework in Frameworks */ = {isa = PBXBuildFile; fileRef = 0E690F7D207FFB6900855852 /* FirebaseAnalytics.framework */; };
		0E690F87207FFB6900855852 /* FirebaseDatabase.framework in Frameworks */ = {isa = PBXBuildFile; fileRef = 0E690F7E207FFB6900855852 /* FirebaseDatabase.framework */; };
		0E690F88207FFB6900855852 /* leveldb-library.framework in Frameworks */ = {isa = PBXBuildFile; fileRef = 0E690F7F207FFB6900855852 /* leveldb-library.framework */; };
		0E690F89207FFB6900855852 /* GoogleToolboxForMac.framework in Frameworks */ = {isa = PBXBuildFile; fileRef = 0E690F80207FFB6900855852 /* GoogleToolboxForMac.framework */; };
		0E690F8A207FFB6900855852 /* nanopb.framework in Frameworks */ = {isa = PBXBuildFile; fileRef = 0E690F81207FFB6900855852 /* nanopb.framework */; };
		0E690F8B207FFB6900855852 /* FirebaseCore.framework in Frameworks */ = {isa = PBXBuildFile; fileRef = 0E690F82207FFB6900855852 /* FirebaseCore.framework */; };
/* End PBXBuildFile section */

/* Begin PBXFileReference section */
		0E3B202B2076C2E100F29D71 /* FinalProj.app */ = {isa = PBXFileReference; explicitFileType = wrapper.application; includeInIndex = 0; path = FinalProj.app; sourceTree = BUILT_PRODUCTS_DIR; };
		0E3B202E2076C2E100F29D71 /* AppDelegate.swift */ = {isa = PBXFileReference; lastKnownFileType = sourcecode.swift; path = AppDelegate.swift; sourceTree = "<group>"; };
		0E3B20342076C2E100F29D71 /* GameScene.swift */ = {isa = PBXFileReference; lastKnownFileType = sourcecode.swift; path = GameScene.swift; sourceTree = "<group>"; };
		0E3B20362076C2E100F29D71 /* GameViewController.swift */ = {isa = PBXFileReference; lastKnownFileType = sourcecode.swift; path = GameViewController.swift; sourceTree = "<group>"; };
		0E3B20392076C2E100F29D71 /* Base */ = {isa = PBXFileReference; lastKnownFileType = file.storyboard; name = Base; path = Base.lproj/Main.storyboard; sourceTree = "<group>"; };
		0E3B203B2076C2E100F29D71 /* Assets.xcassets */ = {isa = PBXFileReference; lastKnownFileType = folder.assetcatalog; path = Assets.xcassets; sourceTree = "<group>"; };
		0E3B203E2076C2E100F29D71 /* Base */ = {isa = PBXFileReference; lastKnownFileType = file.storyboard; name = Base; path = Base.lproj/LaunchScreen.storyboard; sourceTree = "<group>"; };
		0E3B20402076C2E100F29D71 /* Info.plist */ = {isa = PBXFileReference; lastKnownFileType = text.plist.xml; path = Info.plist; sourceTree = "<group>"; };
		0E690F48207FE85500855852 /* circle.png */ = {isa = PBXFileReference; lastKnownFileType = image.png; path = circle.png; sourceTree = "<group>"; };
		0E690F49207FE85500855852 /* star.png */ = {isa = PBXFileReference; lastKnownFileType = image.png; path = star.png; sourceTree = "<group>"; };
		0E690F4A207FE85600855852 /* triangle.png */ = {isa = PBXFileReference; lastKnownFileType = image.png; path = triangle.png; sourceTree = "<group>"; };
		0E690F4B207FE85600855852 /* squareF.png */ = {isa = PBXFileReference; lastKnownFileType = image.png; path = squareF.png; sourceTree = "<group>"; };
		0E690F4C207FE85600855852 /* triangleF.png */ = {isa = PBXFileReference; lastKnownFileType = image.png; path = triangleF.png; sourceTree = "<group>"; };
		0E690F4D207FE85600855852 /* square.png */ = {isa = PBXFileReference; lastKnownFileType = image.png; path = square.png; sourceTree = "<group>"; };
		0E690F4E207FE85600855852 /* starF.png */ = {isa = PBXFileReference; lastKnownFileType = image.png; path = starF.png; sourceTree = "<group>"; };
		0E690F4F207FE85600855852 /* circleF.png */ = {isa = PBXFileReference; lastKnownFileType = image.png; path = circleF.png; sourceTree = "<group>"; };
		0E690F58207FEA5F00855852 /* Triangle.swift */ = {isa = PBXFileReference; lastKnownFileType = sourcecode.swift; path = Triangle.swift; sourceTree = "<group>"; };
		0E690F5A207FEAA200855852 /* BasicGameObject.swift */ = {isa = PBXFileReference; lastKnownFileType = sourcecode.swift; path = BasicGameObject.swift; sourceTree = "<group>"; };
		0E690F6E207FF1BE00855852 /* GoogleService-Info.plist */ = {isa = PBXFileReference; fileEncoding = 4; lastKnownFileType = text.plist.xml; path = "GoogleService-Info.plist"; sourceTree = "<group>"; };
		0E690F71207FF2AC00855852 /* StoreKit.framework */ = {isa = PBXFileReference; lastKnownFileType = wrapper.framework; name = StoreKit.framework; path = System/Library/Frameworks/StoreKit.framework; sourceTree = SDKROOT; };
		0E690F73207FF2D200855852 /* libsqlite3.tbd */ = {isa = PBXFileReference; lastKnownFileType = "sourcecode.text-based-dylib-definition"; name = libsqlite3.tbd; path = usr/lib/libsqlite3.tbd; sourceTree = SDKROOT; };
		0E690F75207FF30700855852 /* libicucore.tbd */ = {isa = PBXFileReference; lastKnownFileType = "sourcecode.text-based-dylib-definition"; name = libicucore.tbd; path = usr/lib/libicucore.tbd; sourceTree = SDKROOT; };
		0E690F77207FF61600855852 /* Firebase.h */ = {isa = PBXFileReference; fileEncoding = 4; lastKnownFileType = sourcecode.c.h; path = Firebase.h; sourceTree = "<group>"; };
		0E690F78207FF6B700855852 /* Database.swift */ = {isa = PBXFileReference; lastKnownFileType = sourcecode.swift; path = Database.swift; sourceTree = "<group>"; };
		0E690F7A207FFB6800855852 /* FirebaseCoreDiagnostics.framework */ = {isa = PBXFileReference; lastKnownFileType = wrapper.framework; name = FirebaseCoreDiagnostics.framework; path = FinalProj/FirebaseCoreDiagnostics.framework; sourceTree = "<group>"; };
		0E690F7B207FFB6900855852 /* FirebaseInstanceID.framework */ = {isa = PBXFileReference; lastKnownFileType = wrapper.framework; name = FirebaseInstanceID.framework; path = FinalProj/FirebaseInstanceID.framework; sourceTree = "<group>"; };
		0E690F7C207FFB6900855852 /* FirebaseNanoPB.framework */ = {isa = PBXFileReference; lastKnownFileType = wrapper.framework; name = FirebaseNanoPB.framework; path = FinalProj/FirebaseNanoPB.framework; sourceTree = "<group>"; };
		0E690F7D207FFB6900855852 /* FirebaseAnalytics.framework */ = {isa = PBXFileReference; lastKnownFileType = wrapper.framework; name = FirebaseAnalytics.framework; path = FinalProj/FirebaseAnalytics.framework; sourceTree = "<group>"; };
		0E690F7E207FFB6900855852 /* FirebaseDatabase.framework */ = {isa = PBXFileReference; lastKnownFileType = wrapper.framework; name = FirebaseDatabase.framework; path = FinalProj/FirebaseDatabase.framework; sourceTree = "<group>"; };
		0E690F7F207FFB6900855852 /* leveldb-library.framework */ = {isa = PBXFileReference; lastKnownFileType = wrapper.framework; name = "leveldb-library.framework"; path = "FinalProj/leveldb-library.framework"; sourceTree = "<group>"; };
		0E690F80207FFB6900855852 /* GoogleToolboxForMac.framework */ = {isa = PBXFileReference; lastKnownFileType = wrapper.framework; name = GoogleToolboxForMac.framework; path = FinalProj/GoogleToolboxForMac.framework; sourceTree = "<group>"; };
		0E690F81207FFB6900855852 /* nanopb.framework */ = {isa = PBXFileReference; lastKnownFileType = wrapper.framework; name = nanopb.framework; path = FinalProj/nanopb.framework; sourceTree = "<group>"; };
		0E690F82207FFB6900855852 /* FirebaseCore.framework */ = {isa = PBXFileReference; lastKnownFileType = wrapper.framework; name = FirebaseCore.framework; path = FinalProj/FirebaseCore.framework; sourceTree = "<group>"; };
/* End PBXFileReference section */

/* Begin PBXFrameworksBuildPhase section */
		0E3B20282076C2E100F29D71 /* Frameworks */ = {
			isa = PBXFrameworksBuildPhase;
			buildActionMask = 2147483647;
			files = (
				0E690F76207FF30700855852 /* libicucore.tbd in Frameworks */,
				0E690F83207FFB6900855852 /* FirebaseCoreDiagnostics.framework in Frameworks */,
				0E690F8A207FFB6900855852 /* nanopb.framework in Frameworks */,
				0E690F84207FFB6900855852 /* FirebaseInstanceID.framework in Frameworks */,
				0E690F85207FFB6900855852 /* FirebaseNanoPB.framework in Frameworks */,
				0E690F87207FFB6900855852 /* FirebaseDatabase.framework in Frameworks */,
				0E690F88207FFB6900855852 /* leveldb-library.framework in Frameworks */,
				0E690F86207FFB6900855852 /* FirebaseAnalytics.framework in Frameworks */,
				0E690F8B207FFB6900855852 /* FirebaseCore.framework in Frameworks */,
				0E690F74207FF2D200855852 /* libsqlite3.tbd in Frameworks */,
				0E690F72207FF2AC00855852 /* StoreKit.framework in Frameworks */,
				0E690F89207FFB6900855852 /* GoogleToolboxForMac.framework in Frameworks */,
			);
			runOnlyForDeploymentPostprocessing = 0;
		};
/* End PBXFrameworksBuildPhase section */

/* Begin PBXGroup section */
		0E3B20222076C2E100F29D71 = {
			isa = PBXGroup;
			children = (
				0E3B202D2076C2E100F29D71 /* FinalProj */,
				0E3B202C2076C2E100F29D71 /* Products */,
				0E690F70207FF2AC00855852 /* Frameworks */,
			);
			sourceTree = "<group>";
		};
		0E3B202C2076C2E100F29D71 /* Products */ = {
			isa = PBXGroup;
			children = (
				0E3B202B2076C2E100F29D71 /* FinalProj.app */,
			);
			name = Products;
			sourceTree = "<group>";
		};
		0E3B202D2076C2E100F29D71 /* FinalProj */ = {
			isa = PBXGroup;
			children = (
				0E690F78207FF6B700855852 /* Database.swift */,
				0E690F77207FF61600855852 /* Firebase.h */,
				0E690F58207FEA5F00855852 /* Triangle.swift */,
				0E3B202E2076C2E100F29D71 /* AppDelegate.swift */,
				0E3B20342076C2E100F29D71 /* GameScene.swift */,
				0E3B20362076C2E100F29D71 /* GameViewController.swift */,
				0E3B20382076C2E100F29D71 /* Main.storyboard */,
				0E3B203B2076C2E100F29D71 /* Assets.xcassets */,
				0E690F48207FE85500855852 /* circle.png */,
				0E690F4F207FE85600855852 /* circleF.png */,
				0E690F4D207FE85600855852 /* square.png */,
				0E690F4B207FE85600855852 /* squareF.png */,
				0E690F49207FE85500855852 /* star.png */,
				0E690F4E207FE85600855852 /* starF.png */,
				0E690F4A207FE85600855852 /* triangle.png */,
				0E690F4C207FE85600855852 /* triangleF.png */,
				0E3B203D2076C2E100F29D71 /* LaunchScreen.storyboard */,
				0E3B20402076C2E100F29D71 /* Info.plist */,
				0E690F6E207FF1BE00855852 /* GoogleService-Info.plist */,
				0E690F5A207FEAA200855852 /* BasicGameObject.swift */,
			);
			path = FinalProj;
			sourceTree = "<group>";
		};
		0E690F70207FF2AC00855852 /* Frameworks */ = {
			isa = PBXGroup;
			children = (
				0E690F7D207FFB6900855852 /* FirebaseAnalytics.framework */,
				0E690F82207FFB6900855852 /* FirebaseCore.framework */,
				0E690F7A207FFB6800855852 /* FirebaseCoreDiagnostics.framework */,
				0E690F7E207FFB6900855852 /* FirebaseDatabase.framework */,
				0E690F7B207FFB6900855852 /* FirebaseInstanceID.framework */,
				0E690F7C207FFB6900855852 /* FirebaseNanoPB.framework */,
				0E690F80207FFB6900855852 /* GoogleToolboxForMac.framework */,
				0E690F7F207FFB6900855852 /* leveldb-library.framework */,
				0E690F81207FFB6900855852 /* nanopb.framework */,
				0E690F75207FF30700855852 /* libicucore.tbd */,
				0E690F73207FF2D200855852 /* libsqlite3.tbd */,
				0E690F71207FF2AC00855852 /* StoreKit.framework */,
			);
			name = Frameworks;
			sourceTree = "<group>";
		};
/* End PBXGroup section */

/* Begin PBXNativeTarget section */
		0E3B202A2076C2E100F29D71 /* FinalProj */ = {
			isa = PBXNativeTarget;
			buildConfigurationList = 0E3B20432076C2E100F29D71 /* Build configuration list for PBXNativeTarget "FinalProj" */;
			buildPhases = (
				0E3B20272076C2E100F29D71 /* Sources */,
				0E3B20282076C2E100F29D71 /* Frameworks */,
				0E3B20292076C2E100F29D71 /* Resources */,
			);
			buildRules = (
			);
			dependencies = (
			);
			name = FinalProj;
			productName = FinalProj;
			productReference = 0E3B202B2076C2E100F29D71 /* FinalProj.app */;
			productType = "com.apple.product-type.application";
		};
/* End PBXNativeTarget section */

/* Begin PBXProject section */
		0E3B20232076C2E100F29D71 /* Project object */ = {
			isa = PBXProject;
			attributes = {
				LastSwiftUpdateCheck = 0920;
				LastUpgradeCheck = 0920;
				ORGANIZATIONNAME = "Predko Brown Marya C.";
				TargetAttributes = {
					0E3B202A2076C2E100F29D71 = {
						CreatedOnToolsVersion = 9.2;
						ProvisioningStyle = Automatic;
					};
				};
			};
			buildConfigurationList = 0E3B20262076C2E100F29D71 /* Build configuration list for PBXProject "FinalProj" */;
			compatibilityVersion = "Xcode 8.0";
			developmentRegion = en;
			hasScannedForEncodings = 0;
			knownRegions = (
				en,
				Base,
			);
			mainGroup = 0E3B20222076C2E100F29D71;
			productRefGroup = 0E3B202C2076C2E100F29D71 /* Products */;
			projectDirPath = "";
			projectRoot = "";
			targets = (
				0E3B202A2076C2E100F29D71 /* FinalProj */,
			);
		};
/* End PBXProject section */

/* Begin PBXResourcesBuildPhase section */
		0E3B20292076C2E100F29D71 /* Resources */ = {
			isa = PBXResourcesBuildPhase;
			buildActionMask = 2147483647;
			files = (
				0E3B203A2076C2E100F29D71 /* Main.storyboard in Resources */,
				0E3B203C2076C2E100F29D71 /* Assets.xcassets in Resources */,
				0E690F50207FE85600855852 /* circle.png in Resources */,
				0E690F56207FE85600855852 /* starF.png in Resources */,
				0E690F54207FE85600855852 /* triangleF.png in Resources */,
				0E690F6F207FF1BE00855852 /* GoogleService-Info.plist in Resources */,
				0E690F51207FE85600855852 /* star.png in Resources */,
				0E690F57207FE85600855852 /* circleF.png in Resources */,
				0E690F53207FE85600855852 /* squareF.png in Resources */,
				0E690F52207FE85600855852 /* triangle.png in Resources */,
				0E3B203F2076C2E100F29D71 /* LaunchScreen.storyboard in Resources */,
				0E690F55207FE85600855852 /* square.png in Resources */,
			);
			runOnlyForDeploymentPostprocessing = 0;
		};
/* End PBXResourcesBuildPhase section */

/* Begin PBXSourcesBuildPhase section */
		0E3B20272076C2E100F29D71 /* Sources */ = {
			isa = PBXSourcesBuildPhase;
			buildActionMask = 2147483647;
			files = (
				0E690F79207FF6B700855852 /* Database.swift in Sources */,
				0E3B20352076C2E100F29D71 /* GameScene.swift in Sources */,
				0E3B20372076C2E100F29D71 /* GameViewController.swift in Sources */,
				0E3B202F2076C2E100F29D71 /* AppDelegate.swift in Sources */,
				0E690F59207FEA5F00855852 /* Triangle.swift in Sources */,
				0E690F5B207FEAA200855852 /* BasicGameObject.swift in Sources */,
			);
			runOnlyForDeploymentPostprocessing = 0;
		};
/* End PBXSourcesBuildPhase section */

/* Begin PBXVariantGroup section */
		0E3B20382076C2E100F29D71 /* Main.storyboard */ = {
			isa = PBXVariantGroup;
			children = (
				0E3B20392076C2E100F29D71 /* Base */,
			);
			name = Main.storyboard;
			sourceTree = "<group>";
		};
		0E3B203D2076C2E100F29D71 /* LaunchScreen.storyboard */ = {
			isa = PBXVariantGroup;
			children = (
				0E3B203E2076C2E100F29D71 /* Base */,
			);
			name = LaunchScreen.storyboard;
			sourceTree = "<group>";
		};
/* End PBXVariantGroup section */

/* Begin XCBuildConfiguration section */
		0E3B20412076C2E100F29D71 /* Debug */ = {
			isa = XCBuildConfiguration;
			buildSettings = {
				ALWAYS_SEARCH_USER_PATHS = NO;
				CLANG_ANALYZER_NONNULL = YES;
				CLANG_ANALYZER_NUMBER_OBJECT_CONVERSION = YES_AGGRESSIVE;
				CLANG_CXX_LANGUAGE_STANDARD = "gnu++14";
				CLANG_CXX_LIBRARY = "libc++";
				CLANG_ENABLE_MODULES = YES;
				CLANG_ENABLE_OBJC_ARC = YES;
				CLANG_WARN_BLOCK_CAPTURE_AUTORELEASING = YES;
				CLANG_WARN_BOOL_CONVERSION = YES;
				CLANG_WARN_COMMA = YES;
				CLANG_WARN_CONSTANT_CONVERSION = YES;
				CLANG_WARN_DIRECT_OBJC_ISA_USAGE = YES_ERROR;
				CLANG_WARN_DOCUMENTATION_COMMENTS = YES;
				CLANG_WARN_EMPTY_BODY = YES;
				CLANG_WARN_ENUM_CONVERSION = YES;
				CLANG_WARN_INFINITE_RECURSION = YES;
				CLANG_WARN_INT_CONVERSION = YES;
				CLANG_WARN_NON_LITERAL_NULL_CONVERSION = YES;
				CLANG_WARN_OBJC_LITERAL_CONVERSION = YES;
				CLANG_WARN_OBJC_ROOT_CLASS = YES_ERROR;
				CLANG_WARN_RANGE_LOOP_ANALYSIS = YES;
				CLANG_WARN_STRICT_PROTOTYPES = YES;
				CLANG_WARN_SUSPICIOUS_MOVE = YES;
				CLANG_WARN_UNGUARDED_AVAILABILITY = YES_AGGRESSIVE;
				CLANG_WARN_UNREACHABLE_CODE = YES;
				CLANG_WARN__DUPLICATE_METHOD_MATCH = YES;
				CODE_SIGN_IDENTITY = "iPhone Developer";
				COPY_PHASE_STRIP = NO;
				DEBUG_INFORMATION_FORMAT = dwarf;
				ENABLE_STRICT_OBJC_MSGSEND = YES;
				ENABLE_TESTABILITY = YES;
				GCC_C_LANGUAGE_STANDARD = gnu11;
				GCC_DYNAMIC_NO_PIC = NO;
				GCC_NO_COMMON_BLOCKS = YES;
				GCC_OPTIMIZATION_LEVEL = 0;
				GCC_PREPROCESSOR_DEFINITIONS = (
					"DEBUG=1",
					"$(inherited)",
				);
				GCC_WARN_64_TO_32_BIT_CONVERSION = YES;
				GCC_WARN_ABOUT_RETURN_TYPE = YES_ERROR;
				GCC_WARN_UNDECLARED_SELECTOR = YES;
				GCC_WARN_UNINITIALIZED_AUTOS = YES_AGGRESSIVE;
				GCC_WARN_UNUSED_FUNCTION = YES;
				GCC_WARN_UNUSED_VARIABLE = YES;
				IPHONEOS_DEPLOYMENT_TARGET = 11.2;
				MTL_ENABLE_DEBUG_INFO = YES;
				ONLY_ACTIVE_ARCH = YES;
				SDKROOT = iphoneos;
				SWIFT_ACTIVE_COMPILATION_CONDITIONS = DEBUG;
				SWIFT_OPTIMIZATION_LEVEL = "-Onone";
			};
			name = Debug;
		};
		0E3B20422076C2E100F29D71 /* Release */ = {
			isa = XCBuildConfiguration;
			buildSettings = {
				ALWAYS_SEARCH_USER_PATHS = NO;
				CLANG_ANALYZER_NONNULL = YES;
				CLANG_ANALYZER_NUMBER_OBJECT_CONVERSION = YES_AGGRESSIVE;
				CLANG_CXX_LANGUAGE_STANDARD = "gnu++14";
				CLANG_CXX_LIBRARY = "libc++";
				CLANG_ENABLE_MODULES = YES;
				CLANG_ENABLE_OBJC_ARC = YES;
				CLANG_WARN_BLOCK_CAPTURE_AUTORELEASING = YES;
				CLANG_WARN_BOOL_CONVERSION = YES;
				CLANG_WARN_COMMA = YES;
				CLANG_WARN_CONSTANT_CONVERSION = YES;
				CLANG_WARN_DIRECT_OBJC_ISA_USAGE = YES_ERROR;
				CLANG_WARN_DOCUMENTATION_COMMENTS = YES;
				CLANG_WARN_EMPTY_BODY = YES;
				CLANG_WARN_ENUM_CONVERSION = YES;
				CLANG_WARN_INFINITE_RECURSION = YES;
				CLANG_WARN_INT_CONVERSION = YES;
				CLANG_WARN_NON_LITERAL_NULL_CONVERSION = YES;
				CLANG_WARN_OBJC_LITERAL_CONVERSION = YES;
				CLANG_WARN_OBJC_ROOT_CLASS = YES_ERROR;
				CLANG_WARN_RANGE_LOOP_ANALYSIS = YES;
				CLANG_WARN_STRICT_PROTOTYPES = YES;
				CLANG_WARN_SUSPICIOUS_MOVE = YES;
				CLANG_WARN_UNGUARDED_AVAILABILITY = YES_AGGRESSIVE;
				CLANG_WARN_UNREACHABLE_CODE = YES;
				CLANG_WARN__DUPLICATE_METHOD_MATCH = YES;
				CODE_SIGN_IDENTITY = "iPhone Developer";
				COPY_PHASE_STRIP = NO;
				DEBUG_INFORMATION_FORMAT = "dwarf-with-dsym";
				ENABLE_NS_ASSERTIONS = NO;
				ENABLE_STRICT_OBJC_MSGSEND = YES;
				GCC_C_LANGUAGE_STANDARD = gnu11;
				GCC_NO_COMMON_BLOCKS = YES;
				GCC_WARN_64_TO_32_BIT_CONVERSION = YES;
				GCC_WARN_ABOUT_RETURN_TYPE = YES_ERROR;
				GCC_WARN_UNDECLARED_SELECTOR = YES;
				GCC_WARN_UNINITIALIZED_AUTOS = YES_AGGRESSIVE;
				GCC_WARN_UNUSED_FUNCTION = YES;
				GCC_WARN_UNUSED_VARIABLE = YES;
				IPHONEOS_DEPLOYMENT_TARGET = 11.2;
				MTL_ENABLE_DEBUG_INFO = NO;
				SDKROOT = iphoneos;
				SWIFT_OPTIMIZATION_LEVEL = "-Owholemodule";
				VALIDATE_PRODUCT = YES;
			};
			name = Release;
		};
		0E3B20442076C2E100F29D71 /* Debug */ = {
			isa = XCBuildConfiguration;
			buildSettings = {
				ASSETCATALOG_COMPILER_APPICON_NAME = AppIcon;
				CODE_SIGN_STYLE = Automatic;
				FRAMEWORK_SEARCH_PATHS = (
					"$(inherited)",
					"$(PROJECT_DIR)",
					"$(PROJECT_DIR)/FinalProj",
				);
				INFOPLIST_FILE = FinalProj/Info.plist;
				LD_RUNPATH_SEARCH_PATHS = "$(inherited) @executable_path/Frameworks";
				OTHER_LDFLAGS = (
					"-ObjC",
					"-lc++",
				);
				PRODUCT_BUNDLE_IDENTIFIER = MaryaC.FinalProj;
				PRODUCT_NAME = "$(TARGET_NAME)";
				SWIFT_VERSION = 4.0;
				TARGETED_DEVICE_FAMILY = "1,2";
			};
			name = Debug;
		};
		0E3B20452076C2E100F29D71 /* Release */ = {
			isa = XCBuildConfiguration;
			buildSettings = {
				ASSETCATALOG_COMPILER_APPICON_NAME = AppIcon;
				CODE_SIGN_STYLE = Automatic;
				FRAMEWORK_SEARCH_PATHS = (
					"$(inherited)",
					"$(PROJECT_DIR)",
					"$(PROJECT_DIR)/FinalProj",
				);
				INFOPLIST_FILE = FinalProj/Info.plist;
				LD_RUNPATH_SEARCH_PATHS = "$(inherited) @executable_path/Frameworks";
				OTHER_LDFLAGS = (
					"-ObjC",
					"-lc++",
				);
				PRODUCT_BUNDLE_IDENTIFIER = MaryaC.FinalProj;
				PRODUCT_NAME = "$(TARGET_NAME)";
				SWIFT_VERSION = 4.0;
				TARGETED_DEVICE_FAMILY = "1,2";
			};
			name = Release;
		};
/* End XCBuildConfiguration section */

/* Begin XCConfigurationList section */
		0E3B20262076C2E100F29D71 /* Build configuration list for PBXProject "FinalProj" */ = {
			isa = XCConfigurationList;
			buildConfigurations = (
				0E3B20412076C2E100F29D71 /* Debug */,
				0E3B20422076C2E100F29D71 /* Release */,
			);
			defaultConfigurationIsVisible = 0;
			defaultConfigurationName = Release;
		};
		0E3B20432076C2E100F29D71 /* Build configuration list for PBXNativeTarget "FinalProj" */ = {
			isa = XCConfigurationList;
			buildConfigurations = (
				0E3B20442076C2E100F29D71 /* Debug */,
				0E3B20452076C2E100F29D71 /* Release */,
			);
			defaultConfigurationIsVisible = 0;
			defaultConfigurationName = Release;
		};
/* End XCConfigurationList section */
	};
	rootObject = 0E3B20232076C2E100F29D71 /* Project object */;
}
